
Microsoft Visual Studio Solution File, Format Version 12.00
# Visual Studio 15
VisualStudioVersion = 15.0.26124.0
MinimumVisualStudioVersion = 15.0.26124.0
Project("{FAE04EC0-301F-11D3-BF4B-00C04F79EFBC}") = "AlkalineThunder.DevConsole", "AlkalineThunder.DevConsole\AlkalineThunder.DevConsole.csproj", "{543A0463-E670-4975-A322-FBE9F7327EEF}"
EndProject
Project("{FAE04EC0-301F-11D3-BF4B-00C04F79EFBC}") = "AlkalineThunder.DevConsole.Demo", "AlkalineThunder.DevConsole.Demo\AlkalineThunder.DevConsole.Demo.csproj", "{C599FB04-4C8E-4F23-8DD1-2A55E3EC2F61}"
EndProject
Global
	GlobalSection(SolutionConfigurationPlatforms) = preSolution
		Debug|Any CPU = Debug|Any CPU
		Debug|x64 = Debug|x64
		Debug|x86 = Debug|x86
		Release|Any CPU = Release|Any CPU
		Release|x64 = Release|x64
		Release|x86 = Release|x86
	EndGlobalSection
	GlobalSection(SolutionProperties) = preSolution
		HideSolutionNode = FALSE
	EndGlobalSection
	GlobalSection(ProjectConfigurationPlatforms) = postSolution
		{543A0463-E670-4975-A322-FBE9F7327EEF}.Debug|Any CPU.ActiveCfg = Debug|Any CPU
		{543A0463-E670-4975-A322-FBE9F7327EEF}.Debug|Any CPU.Build.0 = Debug|Any CPU
		{543A0463-E670-4975-A322-FBE9F7327EEF}.Debug|x64.ActiveCfg = Debug|Any CPU
		{543A0463-E670-4975-A322-FBE9F7327EEF}.Debug|x64.Build.0 = Debug|Any CPU
		{543A0463-E670-4975-A322-FBE9F7327EEF}.Debug|x86.ActiveCfg = Debug|Any CPU
		{543A0463-E670-4975-A322-FBE9F7327EEF}.Debug|x86.Build.0 = Debug|Any CPU
		{543A0463-E670-4975-A322-FBE9F7327EEF}.Release|Any CPU.ActiveCfg = Release|Any CPU
		{543A0463-E670-4975-A322-FBE9F7327EEF}.Release|Any CPU.Build.0 = Release|Any CPU
		{543A0463-E670-4975-A322-FBE9F7327EEF}.Release|x64.ActiveCfg = Release|Any CPU
		{543A0463-E670-4975-A322-FBE9F7327EEF}.Release|x64.Build.0 = Release|Any CPU
		{543A0463-E670-4975-A322-FBE9F7327EEF}.Release|x86.ActiveCfg = Release|Any CPU
		{543A0463-E670-4975-A322-FBE9F7327EEF}.Release|x86.Build.0 = Release|Any CPU
		{C599FB04-4C8E-4F23-8DD1-2A55E3EC2F61}.Debug|Any CPU.ActiveCfg = Debug|Any CPU
		{C599FB04-4C8E-4F23-8DD1-2A55E3EC2F61}.Debug|Any CPU.Build.0 = Debug|Any CPU
		{C599FB04-4C8E-4F23-8DD1-2A55E3EC2F61}.Debug|x64.ActiveCfg = Debug|Any CPU
		{C599FB04-4C8E-4F23-8DD1-2A55E3EC2F61}.Debug|x64.Build.0 = Debug|Any CPU
		{C599FB04-4C8E-4F23-8DD1-2A55E3EC2F61}.Debug|x86.ActiveCfg = Debug|Any CPU
		{C599FB04-4C8E-4F23-8DD1-2A55E3EC2F61}.Debug|x86.Build.0 = Debug|Any CPU
		{C599FB04-4C8E-4F23-8DD1-2A55E3EC2F61}.Release|Any CPU.ActiveCfg = Release|Any CPU
		{C599FB04-4C8E-4F23-8DD1-2A55E3EC2F61}.Release|Any CPU.Build.0 = Release|Any CPU
		{C599FB04-4C8E-4F23-8DD1-2A55E3EC2F61}.Release|x64.ActiveCfg = Release|Any CPU
		{C599FB04-4C8E-4F23-8DD1-2A55E3EC2F61}.Release|x64.Build.0 = Release|Any CPU
		{C599FB04-4C8E-4F23-8DD1-2A55E3EC2F61}.Release|x86.ActiveCfg = Release|Any CPU
		{C599FB04-4C8E-4F23-8DD1-2A55E3EC2F61}.Release|x86.Build.0 = Release|Any CPU
	EndGlobalSection
EndGlobal
